<?xml version="1.0" encoding="UTF-8" standalone="yes" ?>
<CodeBlocks_project_file>
	<FileVersion major="1" minor="6" />
	<Project>
		<Option title="TOptimizeRM" />
		<Option pch_mode="2" />
		<Option compiler="gcc" />
		<Build>
			<Target title="Debug">
				<Option output="bin/Debug/TOptimizeRM" prefix_auto="1" extension_auto="1" />
				<Option object_output="obj/Debug/" />
				<Option type="1" />
				<Option compiler="gcc" />
				<Compiler>
					<Add option="-g" />
				</Compiler>
			</Target>
			<Target title="Release">
				<Option output="bin/Release/TOptimizeRM" prefix_auto="1" extension_auto="1" />
				<Option object_output="obj/Release/" />
				<Option type="1" />
				<Option compiler="gcc" />
				<Compiler>
					<Add option="-O2" />
				</Compiler>
				<Linker>
					<Add option="-s" />
				</Linker>
			</Target>
		</Build>
		<Compiler>
			<Add option="-std=c++11" />
			<Add option="-Wall" />
			<Add directory="F:/LukeTop Home/Personal/Uni/PhD/Work/TOptimizeRM/versions/github/TOptimizeRM/include" />
		</Compiler>
		<Unit filename="include/BMSparse.h" />
		<Unit filename="include/BoolMat.h" />
		<Unit filename="include/Bool_Signature.h" />
		<Unit filename="include/GateSigInterface.h" />
		<Unit filename="include/GateStringSparse.h" />
		<Unit filename="include/GateSynthesisMatrix.h" />
		<Unit filename="include/Interface_BMSGSS.h" />
		<Unit filename="include/Interface_SigBMS.h" />
		<Unit filename="include/LukeBool.h" />
		<Unit filename="include/LukeInt.h" />
		<Unit filename="include/LukeMat_GF2.h" />
		<Unit filename="include/LukeMaths.h" />
		<Unit filename="include/Menu.h" />
		<Unit filename="include/MenuUtils.h" />
		<Unit filename="include/SQC_Circuit.h" />
		<Unit filename="include/Signature.h" />
		<Unit filename="main.cpp" />
		<Unit filename="source/BMSparse.cpp" />
		<Unit filename="source/BoolMat.cpp" />
		<Unit filename="source/Bool_Signature.cpp" />
		<Unit filename="source/GateSigInterface.cpp" />
		<Unit filename="source/GateStringSparse.cpp" />
		<Unit filename="source/GateSynthesisMatrix.cpp" />
		<Unit filename="source/Interface_BMSGSS.cpp" />
		<Unit filename="source/Interface_SigBMS.cpp" />
		<Unit filename="source/LukeBool.cpp" />
		<Unit filename="source/LukeInt.cpp" />
		<Unit filename="source/LukeMat_GF2.cpp" />
		<Unit filename="source/LukeMaths.cpp" />
		<Unit filename="source/Menu.cpp" />
		<Unit filename="source/MenuUtils.cpp" />
		<Unit filename="source/SQC_Circuit.cpp" />
		<Unit filename="source/Signature.cpp" />
		<Extensions>
			<code_completion />
			<envvars />
			<debugger />
			<lib_finder disable_auto="1" />
		</Extensions>
	</Project>
</CodeBlocks_project_file>
